
Microsoft Visual Studio Solution File, Format Version 12.00
# Visual Studio Version 16
VisualStudioVersion = 16.0.31025.194
MinimumVisualStudioVersion = 10.0.40219.1
Project("{9A19103F-16F7-4668-BE54-9A1E7A4F7556}") = "SoftJail", "SoftJail.csproj", "{FA4EDBFA-707B-4CC8-B1E7-16C1CC5ED21F}"
EndProject
Global
	GlobalSection(SolutionConfigurationPlatforms) = preSolution
		Debug|Any CPU = Debug|Any CPU
		Release|Any CPU = Release|Any CPU
	EndGlobalSection
	GlobalSection(ProjectConfigurationPlatforms) = postSolution
		{FA4EDBFA-707B-4CC8-B1E7-16C1CC5ED21F}.Debug|Any CPU.ActiveCfg = Debug|Any CPU
		{FA4EDBFA-707B-4CC8-B1E7-16C1CC5ED21F}.Debug|Any CPU.Build.0 = Debug|Any CPU
		{FA4EDBFA-707B-4CC8-B1E7-16C1CC5ED21F}.Release|Any CPU.ActiveCfg = Release|Any CPU
		{FA4EDBFA-707B-4CC8-B1E7-16C1CC5ED21F}.Release|Any CPU.Build.0 = Release|Any CPU
	EndGlobalSection
	GlobalSection(SolutionProperties) = preSolution
		HideSolutionNode = FALSE
	EndGlobalSection
	GlobalSection(ExtensibilityGlobals) = postSolution
		SolutionGuid = {D36886DE-C031-4E4E-9699-79D65F5D3EF7}
	EndGlobalSection
EndGlobal
