
Microsoft Visual Studio Solution File, Format Version 12.00
# Visual Studio Version 16
VisualStudioVersion = 16.0.31025.194
MinimumVisualStudioVersion = 10.0.40219.1
Project("{9A19103F-16F7-4668-BE54-9A1E7A4F7556}") = "BookShop", "BookShop.csproj", "{7F34608A-FD13-4DC1-9FAF-FA2FFDD52F49}"
EndProject
Global
	GlobalSection(SolutionConfigurationPlatforms) = preSolution
		Debug|Any CPU = Debug|Any CPU
		Release|Any CPU = Release|Any CPU
	EndGlobalSection
	GlobalSection(ProjectConfigurationPlatforms) = postSolution
		{7F34608A-FD13-4DC1-9FAF-FA2FFDD52F49}.Debug|Any CPU.ActiveCfg = Debug|Any CPU
		{7F34608A-FD13-4DC1-9FAF-FA2FFDD52F49}.Debug|Any CPU.Build.0 = Debug|Any CPU
		{7F34608A-FD13-4DC1-9FAF-FA2FFDD52F49}.Release|Any CPU.ActiveCfg = Release|Any CPU
		{7F34608A-FD13-4DC1-9FAF-FA2FFDD52F49}.Release|Any CPU.Build.0 = Release|Any CPU
	EndGlobalSection
	GlobalSection(SolutionProperties) = preSolution
		HideSolutionNode = FALSE
	EndGlobalSection
	GlobalSection(ExtensibilityGlobals) = postSolution
		SolutionGuid = {20BFE4FC-90D5-4626-A3E3-07EDE2F8BC43}
	EndGlobalSection
EndGlobal
